
Microsoft Visual Studio Solution File, Format Version 12.00
# Visual Studio 15
VisualStudioVersion = 15.0.26124.0
MinimumVisualStudioVersion = 15.0.26124.0
Project("{2150E333-8FDC-42A3-9474-1A3956D46DE8}") = "src", "src", "{CEF71EE1-77F8-457E-BFDE-3756ED6754F5}"
EndProject
Project("{FAE04EC0-301F-11D3-BF4B-00C04F79EFBC}") = "NAnt.Core", "src\NAnt.Core\NAnt.Core.csproj", "{F1D601A4-AACE-4CF4-B104-AD76A0A94991}"
EndProject
Project("{FAE04EC0-301F-11D3-BF4B-00C04F79EFBC}") = "NAnt.Compression", "src\NAnt.Compression\NAnt.Compression.csproj", "{F8C57DEB-CB32-4BD9-8FE0-CFA515CCDEB2}"
EndProject
Project("{FAE04EC0-301F-11D3-BF4B-00C04F79EFBC}") = "NAnt.Console", "src\NAnt.Console\NAnt.Console.csproj", "{630418C2-5F7B-4359-ACBE-3505F6143FA8}"
EndProject
Project("{2150E333-8FDC-42A3-9474-1A3956D46DE8}") = "tests", "tests", "{988FF289-654E-40E8-94AF-8430F84378B9}"
EndProject
Project("{FAE04EC0-301F-11D3-BF4B-00C04F79EFBC}") = "NAnt.Core_Tests", "tests\NAnt.Core\NAnt.Core_Tests.csproj", "{CD48AF41-4295-4A51-8912-3FC5537A6C29}"
EndProject
Global
	GlobalSection(SolutionConfigurationPlatforms) = preSolution
		Debug|Any CPU = Debug|Any CPU
		Debug|x64 = Debug|x64
		Debug|x86 = Debug|x86
		Release|Any CPU = Release|Any CPU
		Release|x64 = Release|x64
		Release|x86 = Release|x86
	EndGlobalSection
	GlobalSection(SolutionProperties) = preSolution
		HideSolutionNode = FALSE
	EndGlobalSection
	GlobalSection(ProjectConfigurationPlatforms) = postSolution
		{F1D601A4-AACE-4CF4-B104-AD76A0A94991}.Debug|Any CPU.ActiveCfg = Debug|Any CPU
		{F1D601A4-AACE-4CF4-B104-AD76A0A94991}.Debug|Any CPU.Build.0 = Debug|Any CPU
		{F1D601A4-AACE-4CF4-B104-AD76A0A94991}.Debug|x64.ActiveCfg = Debug|Any CPU
		{F1D601A4-AACE-4CF4-B104-AD76A0A94991}.Debug|x64.Build.0 = Debug|Any CPU
		{F1D601A4-AACE-4CF4-B104-AD76A0A94991}.Debug|x86.ActiveCfg = Debug|Any CPU
		{F1D601A4-AACE-4CF4-B104-AD76A0A94991}.Debug|x86.Build.0 = Debug|Any CPU
		{F1D601A4-AACE-4CF4-B104-AD76A0A94991}.Release|Any CPU.ActiveCfg = Release|Any CPU
		{F1D601A4-AACE-4CF4-B104-AD76A0A94991}.Release|Any CPU.Build.0 = Release|Any CPU
		{F1D601A4-AACE-4CF4-B104-AD76A0A94991}.Release|x64.ActiveCfg = Release|Any CPU
		{F1D601A4-AACE-4CF4-B104-AD76A0A94991}.Release|x64.Build.0 = Release|Any CPU
		{F1D601A4-AACE-4CF4-B104-AD76A0A94991}.Release|x86.ActiveCfg = Release|Any CPU
		{F1D601A4-AACE-4CF4-B104-AD76A0A94991}.Release|x86.Build.0 = Release|Any CPU
		{F8C57DEB-CB32-4BD9-8FE0-CFA515CCDEB2}.Debug|Any CPU.ActiveCfg = Debug|Any CPU
		{F8C57DEB-CB32-4BD9-8FE0-CFA515CCDEB2}.Debug|Any CPU.Build.0 = Debug|Any CPU
		{F8C57DEB-CB32-4BD9-8FE0-CFA515CCDEB2}.Debug|x64.ActiveCfg = Debug|Any CPU
		{F8C57DEB-CB32-4BD9-8FE0-CFA515CCDEB2}.Debug|x64.Build.0 = Debug|Any CPU
		{F8C57DEB-CB32-4BD9-8FE0-CFA515CCDEB2}.Debug|x86.ActiveCfg = Debug|Any CPU
		{F8C57DEB-CB32-4BD9-8FE0-CFA515CCDEB2}.Debug|x86.Build.0 = Debug|Any CPU
		{F8C57DEB-CB32-4BD9-8FE0-CFA515CCDEB2}.Release|Any CPU.ActiveCfg = Release|Any CPU
		{F8C57DEB-CB32-4BD9-8FE0-CFA515CCDEB2}.Release|Any CPU.Build.0 = Release|Any CPU
		{F8C57DEB-CB32-4BD9-8FE0-CFA515CCDEB2}.Release|x64.ActiveCfg = Release|Any CPU
		{F8C57DEB-CB32-4BD9-8FE0-CFA515CCDEB2}.Release|x64.Build.0 = Release|Any CPU
		{F8C57DEB-CB32-4BD9-8FE0-CFA515CCDEB2}.Release|x86.ActiveCfg = Release|Any CPU
		{F8C57DEB-CB32-4BD9-8FE0-CFA515CCDEB2}.Release|x86.Build.0 = Release|Any CPU
		{630418C2-5F7B-4359-ACBE-3505F6143FA8}.Debug|Any CPU.ActiveCfg = Debug|Any CPU
		{630418C2-5F7B-4359-ACBE-3505F6143FA8}.Debug|Any CPU.Build.0 = Debug|Any CPU
		{630418C2-5F7B-4359-ACBE-3505F6143FA8}.Debug|x64.ActiveCfg = Debug|Any CPU
		{630418C2-5F7B-4359-ACBE-3505F6143FA8}.Debug|x64.Build.0 = Debug|Any CPU
		{630418C2-5F7B-4359-ACBE-3505F6143FA8}.Debug|x86.ActiveCfg = Debug|Any CPU
		{630418C2-5F7B-4359-ACBE-3505F6143FA8}.Debug|x86.Build.0 = Debug|Any CPU
		{630418C2-5F7B-4359-ACBE-3505F6143FA8}.Release|Any CPU.ActiveCfg = Release|Any CPU
		{630418C2-5F7B-4359-ACBE-3505F6143FA8}.Release|Any CPU.Build.0 = Release|Any CPU
		{630418C2-5F7B-4359-ACBE-3505F6143FA8}.Release|x64.ActiveCfg = Release|Any CPU
		{630418C2-5F7B-4359-ACBE-3505F6143FA8}.Release|x64.Build.0 = Release|Any CPU
		{630418C2-5F7B-4359-ACBE-3505F6143FA8}.Release|x86.ActiveCfg = Release|Any CPU
		{630418C2-5F7B-4359-ACBE-3505F6143FA8}.Release|x86.Build.0 = Release|Any CPU
		{CD48AF41-4295-4A51-8912-3FC5537A6C29}.Debug|Any CPU.ActiveCfg = Debug|Any CPU
		{CD48AF41-4295-4A51-8912-3FC5537A6C29}.Debug|Any CPU.Build.0 = Debug|Any CPU
		{CD48AF41-4295-4A51-8912-3FC5537A6C29}.Debug|x64.ActiveCfg = Debug|Any CPU
		{CD48AF41-4295-4A51-8912-3FC5537A6C29}.Debug|x64.Build.0 = Debug|Any CPU
		{CD48AF41-4295-4A51-8912-3FC5537A6C29}.Debug|x86.ActiveCfg = Debug|Any CPU
		{CD48AF41-4295-4A51-8912-3FC5537A6C29}.Debug|x86.Build.0 = Debug|Any CPU
		{CD48AF41-4295-4A51-8912-3FC5537A6C29}.Release|Any CPU.ActiveCfg = Release|Any CPU
		{CD48AF41-4295-4A51-8912-3FC5537A6C29}.Release|Any CPU.Build.0 = Release|Any CPU
		{CD48AF41-4295-4A51-8912-3FC5537A6C29}.Release|x64.ActiveCfg = Release|Any CPU
		{CD48AF41-4295-4A51-8912-3FC5537A6C29}.Release|x64.Build.0 = Release|Any CPU
		{CD48AF41-4295-4A51-8912-3FC5537A6C29}.Release|x86.ActiveCfg = Release|Any CPU
		{CD48AF41-4295-4A51-8912-3FC5537A6C29}.Release|x86.Build.0 = Release|Any CPU
	EndGlobalSection
	GlobalSection(NestedProjects) = preSolution
		{F1D601A4-AACE-4CF4-B104-AD76A0A94991} = {CEF71EE1-77F8-457E-BFDE-3756ED6754F5}
		{F8C57DEB-CB32-4BD9-8FE0-CFA515CCDEB2} = {CEF71EE1-77F8-457E-BFDE-3756ED6754F5}
		{630418C2-5F7B-4359-ACBE-3505F6143FA8} = {CEF71EE1-77F8-457E-BFDE-3756ED6754F5}
		{CD48AF41-4295-4A51-8912-3FC5537A6C29} = {988FF289-654E-40E8-94AF-8430F84378B9}
	EndGlobalSection
EndGlobal
